
Microsoft Visual Studio Solution File, Format Version 12.00
# Visual Studio Version 16
VisualStudioVersion = 16.0.34031.81
MinimumVisualStudioVersion = 10.0.40219.1
Project("{FAE04EC0-301F-11D3-BF4B-00C04F79EFBC}") = "DesafioTecnicoCrud", "DesafioTecnicoCrud.csproj", "{0F33279E-7AA3-4EC6-9A07-131859C0914B}"
EndProject
Global
	GlobalSection(SolutionConfigurationPlatforms) = preSolution
		Debug|Any CPU = Debug|Any CPU
		Release|Any CPU = Release|Any CPU
	EndGlobalSection
	GlobalSection(ProjectConfigurationPlatforms) = postSolution
		{0F33279E-7AA3-4EC6-9A07-131859C0914B}.Debug|Any CPU.ActiveCfg = Debug|Any CPU
		{0F33279E-7AA3-4EC6-9A07-131859C0914B}.Debug|Any CPU.Build.0 = Debug|Any CPU
		{0F33279E-7AA3-4EC6-9A07-131859C0914B}.Release|Any CPU.ActiveCfg = Release|Any CPU
		{0F33279E-7AA3-4EC6-9A07-131859C0914B}.Release|Any CPU.Build.0 = Release|Any CPU
	EndGlobalSection
	GlobalSection(SolutionProperties) = preSolution
		HideSolutionNode = FALSE
	EndGlobalSection
	GlobalSection(ExtensibilityGlobals) = postSolution
		SolutionGuid = {5776B99D-5F33-42FF-BDF4-B35F971ED644}
	EndGlobalSection
EndGlobal
